
Microsoft Visual Studio Solution File, Format Version 12.00
# Visual Studio 15
VisualStudioVersion = 15.0.28307.168
MinimumVisualStudioVersion = 10.0.40219.1
Project("{9A19103F-16F7-4668-BE54-9A1E7A4F7556}") = "PetRego.Demo", "PetRego.Demo\PetRego.Demo.csproj", "{0B9A2AB3-034A-4496-B119-1CA219D6C8A5}"
EndProject
Project("{9A19103F-16F7-4668-BE54-9A1E7A4F7556}") = "PetRego.Demo.Test", "PetRego.Demo.Test\PetRego.Demo.Test.csproj", "{14EE0C01-1E9C-47DA-88C1-BB3DA5AC9270}"
EndProject
Global
	GlobalSection(SolutionConfigurationPlatforms) = preSolution
		Debug|Any CPU = Debug|Any CPU
		Release|Any CPU = Release|Any CPU
	EndGlobalSection
	GlobalSection(ProjectConfigurationPlatforms) = postSolution
		{0B9A2AB3-034A-4496-B119-1CA219D6C8A5}.Debug|Any CPU.ActiveCfg = Debug|Any CPU
		{0B9A2AB3-034A-4496-B119-1CA219D6C8A5}.Debug|Any CPU.Build.0 = Debug|Any CPU
		{0B9A2AB3-034A-4496-B119-1CA219D6C8A5}.Release|Any CPU.ActiveCfg = Release|Any CPU
		{0B9A2AB3-034A-4496-B119-1CA219D6C8A5}.Release|Any CPU.Build.0 = Release|Any CPU
		{14EE0C01-1E9C-47DA-88C1-BB3DA5AC9270}.Debug|Any CPU.ActiveCfg = Debug|Any CPU
		{14EE0C01-1E9C-47DA-88C1-BB3DA5AC9270}.Debug|Any CPU.Build.0 = Debug|Any CPU
		{14EE0C01-1E9C-47DA-88C1-BB3DA5AC9270}.Release|Any CPU.ActiveCfg = Release|Any CPU
		{14EE0C01-1E9C-47DA-88C1-BB3DA5AC9270}.Release|Any CPU.Build.0 = Release|Any CPU
	EndGlobalSection
	GlobalSection(SolutionProperties) = preSolution
		HideSolutionNode = FALSE
	EndGlobalSection
	GlobalSection(ExtensibilityGlobals) = postSolution
		SolutionGuid = {26C2D509-3A35-426A-A6E1-FB2FA8C4386A}
	EndGlobalSection
EndGlobal
